
Microsoft Visual Studio Solution File, Format Version 12.00
# Visual Studio Version 17
VisualStudioVersion = 17.7.34031.279
MinimumVisualStudioVersion = 10.0.40219.1
Project("{FAE04EC0-301F-11D3-BF4B-00C04F79EFBC}") = "BokChat.Server", "BokChat.Server\BokChat.Server.csproj", "{0BD1648B-9785-45C0-9824-EC6D66D8DF12}"
EndProject
Project("{FAE04EC0-301F-11D3-BF4B-00C04F79EFBC}") = "BokChat.Client", "BokChat.Client\BokChat.Client.csproj", "{E7D56E8D-3FE3-4503-BA0B-63D342058C7C}"
EndProject
Global
	GlobalSection(SolutionConfigurationPlatforms) = preSolution
		Debug|Any CPU = Debug|Any CPU
		Release|Any CPU = Release|Any CPU
	EndGlobalSection
	GlobalSection(ProjectConfigurationPlatforms) = postSolution
		{0BD1648B-9785-45C0-9824-EC6D66D8DF12}.Debug|Any CPU.ActiveCfg = Debug|Any CPU
		{0BD1648B-9785-45C0-9824-EC6D66D8DF12}.Debug|Any CPU.Build.0 = Debug|Any CPU
		{0BD1648B-9785-45C0-9824-EC6D66D8DF12}.Release|Any CPU.ActiveCfg = Release|Any CPU
		{0BD1648B-9785-45C0-9824-EC6D66D8DF12}.Release|Any CPU.Build.0 = Release|Any CPU
		{E7D56E8D-3FE3-4503-BA0B-63D342058C7C}.Debug|Any CPU.ActiveCfg = Debug|Any CPU
		{E7D56E8D-3FE3-4503-BA0B-63D342058C7C}.Debug|Any CPU.Build.0 = Debug|Any CPU
		{E7D56E8D-3FE3-4503-BA0B-63D342058C7C}.Release|Any CPU.ActiveCfg = Release|Any CPU
		{E7D56E8D-3FE3-4503-BA0B-63D342058C7C}.Release|Any CPU.Build.0 = Release|Any CPU
	EndGlobalSection
	GlobalSection(SolutionProperties) = preSolution
		HideSolutionNode = FALSE
	EndGlobalSection
	GlobalSection(ExtensibilityGlobals) = postSolution
		SolutionGuid = {84CD3A1D-2312-4647-B2FD-2B587D1E9272}
	EndGlobalSection
EndGlobal
